
Microsoft Visual Studio Solution File, Format Version 12.00
# Visual Studio Version 17
VisualStudioVersion = 17.0.31825.309
MinimumVisualStudioVersion = 10.0.40219.1
Project("{FAE04EC0-301F-11D3-BF4B-00C04F79EFBC}") = "APT DPC Tool", "APT DPC Tool\APT DPC Tool.csproj", "{10EADE06-FE55-431F-8606-35E7663B1D7C}"
EndProject
Global
	GlobalSection(SolutionConfigurationPlatforms) = preSolution
		Debug|Any CPU = Debug|Any CPU
		Release|Any CPU = Release|Any CPU
	EndGlobalSection
	GlobalSection(ProjectConfigurationPlatforms) = postSolution
		{10EADE06-FE55-431F-8606-35E7663B1D7C}.Debug|Any CPU.ActiveCfg = Debug|Any CPU
		{10EADE06-FE55-431F-8606-35E7663B1D7C}.Debug|Any CPU.Build.0 = Debug|Any CPU
		{10EADE06-FE55-431F-8606-35E7663B1D7C}.Release|Any CPU.ActiveCfg = Release|Any CPU
		{10EADE06-FE55-431F-8606-35E7663B1D7C}.Release|Any CPU.Build.0 = Release|Any CPU
	EndGlobalSection
	GlobalSection(SolutionProperties) = preSolution
		HideSolutionNode = FALSE
	EndGlobalSection
	GlobalSection(ExtensibilityGlobals) = postSolution
		SolutionGuid = {D631FB18-CBA2-4467-8025-BC184F7C4D60}
	EndGlobalSection
EndGlobal
